
Microsoft Visual Studio Solution File, Format Version 12.00
# Visual Studio Version 16
VisualStudioVersion = 16.0.28922.388
MinimumVisualStudioVersion = 10.0.40219.1
Project("{9A19103F-16F7-4668-BE54-9A1E7A4F7556}") = "cntask.Database", "cntask.Database\cntask.Database.csproj", "{43356B16-4C5F-48B5-9B44-F5481AEFE1E5}"
EndProject
Project("{9A19103F-16F7-4668-BE54-9A1E7A4F7556}") = "cntask.Messages", "cntask.Messages\cntask.Messages.csproj", "{8BB87088-589F-4256-8EE0-5331BE4DC813}"
EndProject
Project("{9A19103F-16F7-4668-BE54-9A1E7A4F7556}") = "cntask.Services", "cntask.Services\cntask.Services.csproj", "{154AE627-F0A2-4323-813D-8CAB76926743}"
EndProject
Project("{9A19103F-16F7-4668-BE54-9A1E7A4F7556}") = "cntask.Tests", "cntask.Tests\cntask.Tests.csproj", "{F19D80B1-8A78-46AE-BAA1-1CE83C4AD007}"
EndProject
Project("{9A19103F-16F7-4668-BE54-9A1E7A4F7556}") = "cntask.ViewModels", "cntask.ViewModels\cntask.ViewModels.csproj", "{7FDED81D-3629-4D78-A3BB-152EAE0FC5CA}"
EndProject
Project("{9A19103F-16F7-4668-BE54-9A1E7A4F7556}") = "cntask.Web", "cntask.Web\cntask.Web.csproj", "{36AE5BE9-4A65-43E8-A906-5EB7ABCB7D1D}"
EndProject
Global
	GlobalSection(SolutionConfigurationPlatforms) = preSolution
		Debug|Any CPU = Debug|Any CPU
		Release|Any CPU = Release|Any CPU
	EndGlobalSection
	GlobalSection(ProjectConfigurationPlatforms) = postSolution
		{43356B16-4C5F-48B5-9B44-F5481AEFE1E5}.Debug|Any CPU.ActiveCfg = Debug|Any CPU
		{43356B16-4C5F-48B5-9B44-F5481AEFE1E5}.Debug|Any CPU.Build.0 = Debug|Any CPU
		{43356B16-4C5F-48B5-9B44-F5481AEFE1E5}.Release|Any CPU.ActiveCfg = Release|Any CPU
		{43356B16-4C5F-48B5-9B44-F5481AEFE1E5}.Release|Any CPU.Build.0 = Release|Any CPU
		{8BB87088-589F-4256-8EE0-5331BE4DC813}.Debug|Any CPU.ActiveCfg = Debug|Any CPU
		{8BB87088-589F-4256-8EE0-5331BE4DC813}.Debug|Any CPU.Build.0 = Debug|Any CPU
		{8BB87088-589F-4256-8EE0-5331BE4DC813}.Release|Any CPU.ActiveCfg = Release|Any CPU
		{8BB87088-589F-4256-8EE0-5331BE4DC813}.Release|Any CPU.Build.0 = Release|Any CPU
		{154AE627-F0A2-4323-813D-8CAB76926743}.Debug|Any CPU.ActiveCfg = Debug|Any CPU
		{154AE627-F0A2-4323-813D-8CAB76926743}.Debug|Any CPU.Build.0 = Debug|Any CPU
		{154AE627-F0A2-4323-813D-8CAB76926743}.Release|Any CPU.ActiveCfg = Release|Any CPU
		{154AE627-F0A2-4323-813D-8CAB76926743}.Release|Any CPU.Build.0 = Release|Any CPU
		{F19D80B1-8A78-46AE-BAA1-1CE83C4AD007}.Debug|Any CPU.ActiveCfg = Debug|Any CPU
		{F19D80B1-8A78-46AE-BAA1-1CE83C4AD007}.Debug|Any CPU.Build.0 = Debug|Any CPU
		{F19D80B1-8A78-46AE-BAA1-1CE83C4AD007}.Release|Any CPU.ActiveCfg = Release|Any CPU
		{F19D80B1-8A78-46AE-BAA1-1CE83C4AD007}.Release|Any CPU.Build.0 = Release|Any CPU
		{7FDED81D-3629-4D78-A3BB-152EAE0FC5CA}.Debug|Any CPU.ActiveCfg = Debug|Any CPU
		{7FDED81D-3629-4D78-A3BB-152EAE0FC5CA}.Debug|Any CPU.Build.0 = Debug|Any CPU
		{7FDED81D-3629-4D78-A3BB-152EAE0FC5CA}.Release|Any CPU.ActiveCfg = Release|Any CPU
		{7FDED81D-3629-4D78-A3BB-152EAE0FC5CA}.Release|Any CPU.Build.0 = Release|Any CPU
		{36AE5BE9-4A65-43E8-A906-5EB7ABCB7D1D}.Debug|Any CPU.ActiveCfg = Debug|Any CPU
		{36AE5BE9-4A65-43E8-A906-5EB7ABCB7D1D}.Debug|Any CPU.Build.0 = Debug|Any CPU
		{36AE5BE9-4A65-43E8-A906-5EB7ABCB7D1D}.Release|Any CPU.ActiveCfg = Release|Any CPU
		{36AE5BE9-4A65-43E8-A906-5EB7ABCB7D1D}.Release|Any CPU.Build.0 = Release|Any CPU
	EndGlobalSection
	GlobalSection(SolutionProperties) = preSolution
		HideSolutionNode = FALSE
	EndGlobalSection
	GlobalSection(ExtensibilityGlobals) = postSolution
		SolutionGuid = {0DF817CE-5B00-4E7E-8F79-1B4CB6A2BA1B}
	EndGlobalSection
EndGlobal
